
Microsoft Visual Studio Solution File, Format Version 12.00
# Visual Studio 15
VisualStudioVersion = 15.0.28307.757
MinimumVisualStudioVersion = 10.0.40219.1
Project("{FAE04EC0-301F-11D3-BF4B-00C04F79EFBC}") = "ConsoleApp1", "ConsoleApp1\ConsoleApp1.csproj", "{A75DF362-B7B4-49D4-AEBA-03B7BD054880}"
EndProject
Project("{FAE04EC0-301F-11D3-BF4B-00C04F79EFBC}") = "ClassLibrary1", "ClassLibrary1\ClassLibrary1.csproj", "{1AAA93E2-5435-43B3-A4E7-9CEBA4395395}"
EndProject
Project("{FAE04EC0-301F-11D3-BF4B-00C04F79EFBC}") = "UnitTestProject1", "UnitTestProject1\UnitTestProject1.csproj", "{7723B90D-986A-467A-AB01-158DB252E364}"
EndProject
Global
	GlobalSection(SolutionConfigurationPlatforms) = preSolution
		Debug|Any CPU = Debug|Any CPU
		Release|Any CPU = Release|Any CPU
	EndGlobalSection
	GlobalSection(ProjectConfigurationPlatforms) = postSolution
		{A75DF362-B7B4-49D4-AEBA-03B7BD054880}.Debug|Any CPU.ActiveCfg = Debug|Any CPU
		{A75DF362-B7B4-49D4-AEBA-03B7BD054880}.Debug|Any CPU.Build.0 = Debug|Any CPU
		{A75DF362-B7B4-49D4-AEBA-03B7BD054880}.Release|Any CPU.ActiveCfg = Release|Any CPU
		{A75DF362-B7B4-49D4-AEBA-03B7BD054880}.Release|Any CPU.Build.0 = Release|Any CPU
		{1AAA93E2-5435-43B3-A4E7-9CEBA4395395}.Debug|Any CPU.ActiveCfg = Debug|Any CPU
		{1AAA93E2-5435-43B3-A4E7-9CEBA4395395}.Debug|Any CPU.Build.0 = Debug|Any CPU
		{1AAA93E2-5435-43B3-A4E7-9CEBA4395395}.Release|Any CPU.ActiveCfg = Release|Any CPU
		{1AAA93E2-5435-43B3-A4E7-9CEBA4395395}.Release|Any CPU.Build.0 = Release|Any CPU
		{7723B90D-986A-467A-AB01-158DB252E364}.Debug|Any CPU.ActiveCfg = Debug|Any CPU
		{7723B90D-986A-467A-AB01-158DB252E364}.Debug|Any CPU.Build.0 = Debug|Any CPU
		{7723B90D-986A-467A-AB01-158DB252E364}.Release|Any CPU.ActiveCfg = Release|Any CPU
		{7723B90D-986A-467A-AB01-158DB252E364}.Release|Any CPU.Build.0 = Release|Any CPU
	EndGlobalSection
	GlobalSection(SolutionProperties) = preSolution
		HideSolutionNode = FALSE
	EndGlobalSection
	GlobalSection(ExtensibilityGlobals) = postSolution
		SolutionGuid = {D3C7229E-5E60-4ACE-9846-092E476BCABC}
	EndGlobalSection
EndGlobal
